# generated by rye
# use `rye lock` or `rye sync` to update this lockfile
#
# last locked with the following flags:
#   pre: false
#   features: []
#   all-features: false
#   with-sources: false
#   generate-hashes: false

-e file:.
numpy==2.0.0
    # via cookiecutter-ds-popketle-base-project
pip==24.1.1
    # via cookiecutter-ds-popketle-base-project
